// !$*UTF8*$!
{
	archiveVersion = 1;
	classes = {
	};
	objectVersion = 56;
	objects = {

/* Begin PBXBuildFile section */
		DA5FEA7429BE24E3007CF7CE /* AppDelegate.swift in Sources */ = {isa = PBXBuildFile; fileRef = DA5FEA7329BE24E3007CF7CE /* AppDelegate.swift */; };
		DA5FEA7629BE24E3007CF7CE /* SceneDelegate.swift in Sources */ = {isa = PBXBuildFile; fileRef = DA5FEA7529BE24E3007CF7CE /* SceneDelegate.swift */; };
		DA5FEA7829BE24E3007CF7CE /* ViewController.swift in Sources */ = {isa = PBXBuildFile; fileRef = DA5FEA7729BE24E3007CF7CE /* ViewController.swift */; };
		DA5FEA7B29BE24E3007CF7CE /* Main.storyboard in Resources */ = {isa = PBXBuildFile; fileRef = DA5FEA7929BE24E3007CF7CE /* Main.storyboard */; };
		DA5FEA7D29BE24E4007CF7CE /* Assets.xcassets in Resources */ = {isa = PBXBuildFile; fileRef = DA5FEA7C29BE24E4007CF7CE /* Assets.xcassets */; };
		DA5FEA8029BE24E4007CF7CE /* LaunchScreen.storyboard in Resources */ = {isa = PBXBuildFile; fileRef = DA5FEA7E29BE24E4007CF7CE /* LaunchScreen.storyboard */; };
		DA5FEA8E29BE25CD007CF7CE /* SectionController.swift in Sources */ = {isa = PBXBuildFile; fileRef = DA5FEA8829BE25CD007CF7CE /* SectionController.swift */; };
		DA5FEA8F29BE25CD007CF7CE /* SectionHeaderController.swift in Sources */ = {isa = PBXBuildFile; fileRef = DA5FEA8929BE25CD007CF7CE /* SectionHeaderController.swift */; };
		DA5FEA9029BE25CD007CF7CE /* SectionListController.swift in Sources */ = {isa = PBXBuildFile; fileRef = DA5FEA8A29BE25CD007CF7CE /* SectionListController.swift */; };
		DA5FEA9129BE25CD007CF7CE /* CellController.swift in Sources */ = {isa = PBXBuildFile; fileRef = DA5FEA8B29BE25CD007CF7CE /* CellController.swift */; };
		DA5FEA9229BE25CD007CF7CE /* SectionFooterController.swift in Sources */ = {isa = PBXBuildFile; fileRef = DA5FEA8C29BE25CD007CF7CE /* SectionFooterController.swift */; };
		DA5FEA9329BE25CD007CF7CE /* ListViewController.swift in Sources */ = {isa = PBXBuildFile; fileRef = DA5FEA8D29BE25CD007CF7CE /* ListViewController.swift */; };
		DA5FEAA429BE2610007CF7CE /* SectionListControllerTests.swift in Sources */ = {isa = PBXBuildFile; fileRef = DA5FEAA229BE2610007CF7CE /* SectionListControllerTests.swift */; };
		DA5FEAA529BE2610007CF7CE /* ListViewControllerTests.swift in Sources */ = {isa = PBXBuildFile; fileRef = DA5FEAA329BE2610007CF7CE /* ListViewControllerTests.swift */; };
		DA5FEAA829BE261F007CF7CE /* ItemCellControllerSpy.swift in Sources */ = {isa = PBXBuildFile; fileRef = DA5FEAA729BE261F007CF7CE /* ItemCellControllerSpy.swift */; };
		DA5FEAAA29BE265F007CF7CE /* XCTestCase+MemoryLeakTracking.swift in Sources */ = {isa = PBXBuildFile; fileRef = DA5FEAA929BE265F007CF7CE /* XCTestCase+MemoryLeakTracking.swift */; };
		DA5FEAAF29BE2701007CF7CE /* VisibilityHeaderController.swift in Sources */ = {isa = PBXBuildFile; fileRef = DA5FEAAD29BE2701007CF7CE /* VisibilityHeaderController.swift */; };
		DA5FEAB029BE2701007CF7CE /* VisibilityCellController.swift in Sources */ = {isa = PBXBuildFile; fileRef = DA5FEAAE29BE2701007CF7CE /* VisibilityCellController.swift */; };
		DA5FEAB329BE270F007CF7CE /* VisibilityLevel.swift in Sources */ = {isa = PBXBuildFile; fileRef = DA5FEAB229BE270F007CF7CE /* VisibilityLevel.swift */; };
		DA5FEAB929BE2724007CF7CE /* VisibilityHeaderView.swift in Sources */ = {isa = PBXBuildFile; fileRef = DA5FEAB529BE2724007CF7CE /* VisibilityHeaderView.swift */; };
		DA5FEABA29BE2724007CF7CE /* VisibilityLevel+iconImage.swift in Sources */ = {isa = PBXBuildFile; fileRef = DA5FEAB629BE2724007CF7CE /* VisibilityLevel+iconImage.swift */; };
		DA5FEABB29BE2724007CF7CE /* VisibilityCell.swift in Sources */ = {isa = PBXBuildFile; fileRef = DA5FEAB729BE2724007CF7CE /* VisibilityCell.swift */; };
		DA5FEABC29BE2724007CF7CE /* VisibilityImage.swift in Sources */ = {isa = PBXBuildFile; fileRef = DA5FEAB829BE2724007CF7CE /* VisibilityImage.swift */; };
		DA5FEABF29BE2738007CF7CE /* VisibilityCellViewModel.swift in Sources */ = {isa = PBXBuildFile; fileRef = DA5FEABE29BE2738007CF7CE /* VisibilityCellViewModel.swift */; };
		DA5FEAC429BE2765007CF7CE /* VisibilityCellControllerTests.swift in Sources */ = {isa = PBXBuildFile; fileRef = DA5FEAC229BE2765007CF7CE /* VisibilityCellControllerTests.swift */; };
		DA5FEAC529BE2765007CF7CE /* VisibilityHeaderControllerTests.swift in Sources */ = {isa = PBXBuildFile; fileRef = DA5FEAC329BE2765007CF7CE /* VisibilityHeaderControllerTests.swift */; };
		DA5FEAC829BE2C89007CF7CE /* VisibilityUIComposer.swift in Sources */ = {isa = PBXBuildFile; fileRef = DA5FEAC729BE2C89007CF7CE /* VisibilityUIComposer.swift */; };
/* End PBXBuildFile section */

/* Begin PBXContainerItemProxy section */
		DA5FEA9C29BE25E7007CF7CE /* PBXContainerItemProxy */ = {
			isa = PBXContainerItemProxy;
			containerPortal = DA5FEA6829BE24E3007CF7CE /* Project object */;
			proxyType = 1;
			remoteGlobalIDString = DA5FEA6F29BE24E3007CF7CE;
			remoteInfo = ListControllerPOC;
		};
/* End PBXContainerItemProxy section */

/* Begin PBXFileReference section */
		DA5FEA7029BE24E3007CF7CE /* ListControllerPOC.app */ = {isa = PBXFileReference; explicitFileType = wrapper.application; includeInIndex = 0; path = ListControllerPOC.app; sourceTree = BUILT_PRODUCTS_DIR; };
		DA5FEA7329BE24E3007CF7CE /* AppDelegate.swift */ = {isa = PBXFileReference; lastKnownFileType = sourcecode.swift; path = AppDelegate.swift; sourceTree = "<group>"; };
		DA5FEA7529BE24E3007CF7CE /* SceneDelegate.swift */ = {isa = PBXFileReference; lastKnownFileType = sourcecode.swift; path = SceneDelegate.swift; sourceTree = "<group>"; };
		DA5FEA7729BE24E3007CF7CE /* ViewController.swift */ = {isa = PBXFileReference; lastKnownFileType = sourcecode.swift; path = ViewController.swift; sourceTree = "<group>"; };
		DA5FEA7A29BE24E3007CF7CE /* Base */ = {isa = PBXFileReference; lastKnownFileType = file.storyboard; name = Base; path = Base.lproj/Main.storyboard; sourceTree = "<group>"; };
		DA5FEA7C29BE24E4007CF7CE /* Assets.xcassets */ = {isa = PBXFileReference; lastKnownFileType = folder.assetcatalog; path = Assets.xcassets; sourceTree = "<group>"; };
		DA5FEA7F29BE24E4007CF7CE /* Base */ = {isa = PBXFileReference; lastKnownFileType = file.storyboard; name = Base; path = Base.lproj/LaunchScreen.storyboard; sourceTree = "<group>"; };
		DA5FEA8129BE24E4007CF7CE /* Info.plist */ = {isa = PBXFileReference; lastKnownFileType = text.plist.xml; path = Info.plist; sourceTree = "<group>"; };
		DA5FEA8829BE25CD007CF7CE /* SectionController.swift */ = {isa = PBXFileReference; fileEncoding = 4; lastKnownFileType = sourcecode.swift; path = SectionController.swift; sourceTree = "<group>"; };
		DA5FEA8929BE25CD007CF7CE /* SectionHeaderController.swift */ = {isa = PBXFileReference; fileEncoding = 4; lastKnownFileType = sourcecode.swift; path = SectionHeaderController.swift; sourceTree = "<group>"; };
		DA5FEA8A29BE25CD007CF7CE /* SectionListController.swift */ = {isa = PBXFileReference; fileEncoding = 4; lastKnownFileType = sourcecode.swift; path = SectionListController.swift; sourceTree = "<group>"; };
		DA5FEA8B29BE25CD007CF7CE /* CellController.swift */ = {isa = PBXFileReference; fileEncoding = 4; lastKnownFileType = sourcecode.swift; path = CellController.swift; sourceTree = "<group>"; };
		DA5FEA8C29BE25CD007CF7CE /* SectionFooterController.swift */ = {isa = PBXFileReference; fileEncoding = 4; lastKnownFileType = sourcecode.swift; path = SectionFooterController.swift; sourceTree = "<group>"; };
		DA5FEA8D29BE25CD007CF7CE /* ListViewController.swift */ = {isa = PBXFileReference; fileEncoding = 4; lastKnownFileType = sourcecode.swift; path = ListViewController.swift; sourceTree = "<group>"; };
		DA5FEA9829BE25E7007CF7CE /* ListControllerPOCTests.xctest */ = {isa = PBXFileReference; explicitFileType = wrapper.cfbundle; includeInIndex = 0; path = ListControllerPOCTests.xctest; sourceTree = BUILT_PRODUCTS_DIR; };
		DA5FEAA229BE2610007CF7CE /* SectionListControllerTests.swift */ = {isa = PBXFileReference; fileEncoding = 4; lastKnownFileType = sourcecode.swift; path = SectionListControllerTests.swift; sourceTree = "<group>"; };
		DA5FEAA329BE2610007CF7CE /* ListViewControllerTests.swift */ = {isa = PBXFileReference; fileEncoding = 4; lastKnownFileType = sourcecode.swift; path = ListViewControllerTests.swift; sourceTree = "<group>"; };
		DA5FEAA729BE261F007CF7CE /* ItemCellControllerSpy.swift */ = {isa = PBXFileReference; fileEncoding = 4; lastKnownFileType = sourcecode.swift; path = ItemCellControllerSpy.swift; sourceTree = "<group>"; };
		DA5FEAA929BE265F007CF7CE /* XCTestCase+MemoryLeakTracking.swift */ = {isa = PBXFileReference; fileEncoding = 4; lastKnownFileType = sourcecode.swift; path = "XCTestCase+MemoryLeakTracking.swift"; sourceTree = "<group>"; };
		DA5FEAAD29BE2701007CF7CE /* VisibilityHeaderController.swift */ = {isa = PBXFileReference; fileEncoding = 4; lastKnownFileType = sourcecode.swift; path = VisibilityHeaderController.swift; sourceTree = "<group>"; };
		DA5FEAAE29BE2701007CF7CE /* VisibilityCellController.swift */ = {isa = PBXFileReference; fileEncoding = 4; lastKnownFileType = sourcecode.swift; path = VisibilityCellController.swift; sourceTree = "<group>"; };
		DA5FEAB229BE270F007CF7CE /* VisibilityLevel.swift */ = {isa = PBXFileReference; fileEncoding = 4; lastKnownFileType = sourcecode.swift; path = VisibilityLevel.swift; sourceTree = "<group>"; };
		DA5FEAB529BE2724007CF7CE /* VisibilityHeaderView.swift */ = {isa = PBXFileReference; fileEncoding = 4; lastKnownFileType = sourcecode.swift; path = VisibilityHeaderView.swift; sourceTree = "<group>"; };
		DA5FEAB629BE2724007CF7CE /* VisibilityLevel+iconImage.swift */ = {isa = PBXFileReference; fileEncoding = 4; lastKnownFileType = sourcecode.swift; path = "VisibilityLevel+iconImage.swift"; sourceTree = "<group>"; };
		DA5FEAB729BE2724007CF7CE /* VisibilityCell.swift */ = {isa = PBXFileReference; fileEncoding = 4; lastKnownFileType = sourcecode.swift; path = VisibilityCell.swift; sourceTree = "<group>"; };
		DA5FEAB829BE2724007CF7CE /* VisibilityImage.swift */ = {isa = PBXFileReference; fileEncoding = 4; lastKnownFileType = sourcecode.swift; path = VisibilityImage.swift; sourceTree = "<group>"; };
		DA5FEABE29BE2738007CF7CE /* VisibilityCellViewModel.swift */ = {isa = PBXFileReference; fileEncoding = 4; lastKnownFileType = sourcecode.swift; path = VisibilityCellViewModel.swift; sourceTree = "<group>"; };
		DA5FEAC229BE2765007CF7CE /* VisibilityCellControllerTests.swift */ = {isa = PBXFileReference; fileEncoding = 4; lastKnownFileType = sourcecode.swift; path = VisibilityCellControllerTests.swift; sourceTree = "<group>"; };
		DA5FEAC329BE2765007CF7CE /* VisibilityHeaderControllerTests.swift */ = {isa = PBXFileReference; fileEncoding = 4; lastKnownFileType = sourcecode.swift; path = VisibilityHeaderControllerTests.swift; sourceTree = "<group>"; };
		DA5FEAC729BE2C89007CF7CE /* VisibilityUIComposer.swift */ = {isa = PBXFileReference; lastKnownFileType = sourcecode.swift; path = VisibilityUIComposer.swift; sourceTree = "<group>"; };
/* End PBXFileReference section */

/* Begin PBXFrameworksBuildPhase section */
		DA5FEA6D29BE24E3007CF7CE /* Frameworks */ = {
			isa = PBXFrameworksBuildPhase;
			buildActionMask = 2147483647;
			files = (
			);
			runOnlyForDeploymentPostprocessing = 0;
		};
		DA5FEA9529BE25E7007CF7CE /* Frameworks */ = {
			isa = PBXFrameworksBuildPhase;
			buildActionMask = 2147483647;
			files = (
			);
			runOnlyForDeploymentPostprocessing = 0;
		};
/* End PBXFrameworksBuildPhase section */

/* Begin PBXGroup section */
		DA5FEA6729BE24E3007CF7CE = {
			isa = PBXGroup;
			children = (
				DA5FEA7229BE24E3007CF7CE /* ListControllerPOC */,
				DA5FEA9929BE25E7007CF7CE /* ListControllerPOCTests */,
				DA5FEA7129BE24E3007CF7CE /* Products */,
			);
			sourceTree = "<group>";
		};
		DA5FEA7129BE24E3007CF7CE /* Products */ = {
			isa = PBXGroup;
			children = (
				DA5FEA7029BE24E3007CF7CE /* ListControllerPOC.app */,
				DA5FEA9829BE25E7007CF7CE /* ListControllerPOCTests.xctest */,
			);
			name = Products;
			sourceTree = "<group>";
		};
		DA5FEA7229BE24E3007CF7CE /* ListControllerPOC */ = {
			isa = PBXGroup;
			children = (
				DA5FEAAC29BE26D2007CF7CE /* Visibility */,
				DA5FEA8729BE25BC007CF7CE /* List */,
				DA5FEAAB29BE2674007CF7CE /* Main */,
				DA5FEA8129BE24E4007CF7CE /* Info.plist */,
			);
			path = ListControllerPOC;
			sourceTree = "<group>";
		};
		DA5FEA8729BE25BC007CF7CE /* List */ = {
			isa = PBXGroup;
			children = (
				DA5FEA8D29BE25CD007CF7CE /* ListViewController.swift */,
				DA5FEA8A29BE25CD007CF7CE /* SectionListController.swift */,
				DA5FEA8829BE25CD007CF7CE /* SectionController.swift */,
				DA5FEA8929BE25CD007CF7CE /* SectionHeaderController.swift */,
				DA5FEA8C29BE25CD007CF7CE /* SectionFooterController.swift */,
				DA5FEA8B29BE25CD007CF7CE /* CellController.swift */,
			);
			path = List;
			sourceTree = "<group>";
		};
		DA5FEA9929BE25E7007CF7CE /* ListControllerPOCTests */ = {
			isa = PBXGroup;
			children = (
				DA5FEAC129BE275E007CF7CE /* Visibility */,
				DA5FEAA629BE2618007CF7CE /* SharedTestHelpers */,
				DA5FEAA129BE25FF007CF7CE /* List */,
			);
			path = ListControllerPOCTests;
			sourceTree = "<group>";
		};
		DA5FEAA129BE25FF007CF7CE /* List */ = {
			isa = PBXGroup;
			children = (
				DA5FEAA329BE2610007CF7CE /* ListViewControllerTests.swift */,
				DA5FEAA229BE2610007CF7CE /* SectionListControllerTests.swift */,
			);
			path = List;
			sourceTree = "<group>";
		};
		DA5FEAA629BE2618007CF7CE /* SharedTestHelpers */ = {
			isa = PBXGroup;
			children = (
				DA5FEAA929BE265F007CF7CE /* XCTestCase+MemoryLeakTracking.swift */,
				DA5FEAA729BE261F007CF7CE /* ItemCellControllerSpy.swift */,
			);
			path = SharedTestHelpers;
			sourceTree = "<group>";
		};
		DA5FEAAB29BE2674007CF7CE /* Main */ = {
			isa = PBXGroup;
			children = (
				DA5FEA7329BE24E3007CF7CE /* AppDelegate.swift */,
				DA5FEA7529BE24E3007CF7CE /* SceneDelegate.swift */,
				DA5FEA7729BE24E3007CF7CE /* ViewController.swift */,
				DA5FEA7929BE24E3007CF7CE /* Main.storyboard */,
				DA5FEA7C29BE24E4007CF7CE /* Assets.xcassets */,
				DA5FEA7E29BE24E4007CF7CE /* LaunchScreen.storyboard */,
			);
			path = Main;
			sourceTree = "<group>";
		};
		DA5FEAAC29BE26D2007CF7CE /* Visibility */ = {
			isa = PBXGroup;
			children = (
				DA5FEAC629BE2C7F007CF7CE /* Composer */,
				DA5FEAB129BE2707007CF7CE /* Controller */,
				DA5FEABD29BE272B007CF7CE /* View */,
				DA5FEAC029BE273B007CF7CE /* ViewModel */,
				DA5FEAB429BE2718007CF7CE /* Model */,
			);
			path = Visibility;
			sourceTree = "<group>";
		};
		DA5FEAB129BE2707007CF7CE /* Controller */ = {
			isa = PBXGroup;
			children = (
				DA5FEAAE29BE2701007CF7CE /* VisibilityCellController.swift */,
				DA5FEAAD29BE2701007CF7CE /* VisibilityHeaderController.swift */,
			);
			path = Controller;
			sourceTree = "<group>";
		};
		DA5FEAB429BE2718007CF7CE /* Model */ = {
			isa = PBXGroup;
			children = (
				DA5FEAB229BE270F007CF7CE /* VisibilityLevel.swift */,
			);
			path = Model;
			sourceTree = "<group>";
		};
		DA5FEABD29BE272B007CF7CE /* View */ = {
			isa = PBXGroup;
			children = (
				DA5FEAB729BE2724007CF7CE /* VisibilityCell.swift */,
				DA5FEAB529BE2724007CF7CE /* VisibilityHeaderView.swift */,
				DA5FEAB829BE2724007CF7CE /* VisibilityImage.swift */,
				DA5FEAB629BE2724007CF7CE /* VisibilityLevel+iconImage.swift */,
			);
			path = View;
			sourceTree = "<group>";
		};
		DA5FEAC029BE273B007CF7CE /* ViewModel */ = {
			isa = PBXGroup;
			children = (
				DA5FEABE29BE2738007CF7CE /* VisibilityCellViewModel.swift */,
			);
			path = ViewModel;
			sourceTree = "<group>";
		};
		DA5FEAC129BE275E007CF7CE /* Visibility */ = {
			isa = PBXGroup;
			children = (
				DA5FEAC229BE2765007CF7CE /* VisibilityCellControllerTests.swift */,
				DA5FEAC329BE2765007CF7CE /* VisibilityHeaderControllerTests.swift */,
			);
			path = Visibility;
			sourceTree = "<group>";
		};
		DA5FEAC629BE2C7F007CF7CE /* Composer */ = {
			isa = PBXGroup;
			children = (
				DA5FEAC729BE2C89007CF7CE /* VisibilityUIComposer.swift */,
			);
			path = Composer;
			sourceTree = "<group>";
		};
/* End PBXGroup section */

/* Begin PBXNativeTarget section */
		DA5FEA6F29BE24E3007CF7CE /* ListControllerPOC */ = {
			isa = PBXNativeTarget;
			buildConfigurationList = DA5FEA8429BE24E4007CF7CE /* Build configuration list for PBXNativeTarget "ListControllerPOC" */;
			buildPhases = (
				DA5FEA6C29BE24E3007CF7CE /* Sources */,
				DA5FEA6D29BE24E3007CF7CE /* Frameworks */,
				DA5FEA6E29BE24E3007CF7CE /* Resources */,
			);
			buildRules = (
			);
			dependencies = (
			);
			name = ListControllerPOC;
			productName = ListControllerPOC;
			productReference = DA5FEA7029BE24E3007CF7CE /* ListControllerPOC.app */;
			productType = "com.apple.product-type.application";
		};
		DA5FEA9729BE25E7007CF7CE /* ListControllerPOCTests */ = {
			isa = PBXNativeTarget;
			buildConfigurationList = DA5FEA9E29BE25E7007CF7CE /* Build configuration list for PBXNativeTarget "ListControllerPOCTests" */;
			buildPhases = (
				DA5FEA9429BE25E7007CF7CE /* Sources */,
				DA5FEA9529BE25E7007CF7CE /* Frameworks */,
				DA5FEA9629BE25E7007CF7CE /* Resources */,
			);
			buildRules = (
			);
			dependencies = (
				DA5FEA9D29BE25E7007CF7CE /* PBXTargetDependency */,
			);
			name = ListControllerPOCTests;
			productName = ListControllerPOCTests;
			productReference = DA5FEA9829BE25E7007CF7CE /* ListControllerPOCTests.xctest */;
			productType = "com.apple.product-type.bundle.unit-test";
		};
/* End PBXNativeTarget section */

/* Begin PBXProject section */
		DA5FEA6829BE24E3007CF7CE /* Project object */ = {
			isa = PBXProject;
			attributes = {
				BuildIndependentTargetsInParallel = 1;
				LastSwiftUpdateCheck = 1420;
				LastUpgradeCheck = 1420;
				TargetAttributes = {
					DA5FEA6F29BE24E3007CF7CE = {
						CreatedOnToolsVersion = 14.2;
					};
					DA5FEA9729BE25E7007CF7CE = {
						CreatedOnToolsVersion = 14.2;
						LastSwiftMigration = 1420;
						TestTargetID = DA5FEA6F29BE24E3007CF7CE;
					};
				};
			};
			buildConfigurationList = DA5FEA6B29BE24E3007CF7CE /* Build configuration list for PBXProject "ListControllerPOC" */;
			compatibilityVersion = "Xcode 14.0";
			developmentRegion = en;
			hasScannedForEncodings = 0;
			knownRegions = (
				en,
				Base,
			);
			mainGroup = DA5FEA6729BE24E3007CF7CE;
			productRefGroup = DA5FEA7129BE24E3007CF7CE /* Products */;
			projectDirPath = "";
			projectRoot = "";
			targets = (
				DA5FEA6F29BE24E3007CF7CE /* ListControllerPOC */,
				DA5FEA9729BE25E7007CF7CE /* ListControllerPOCTests */,
			);
		};
/* End PBXProject section */

/* Begin PBXResourcesBuildPhase section */
		DA5FEA6E29BE24E3007CF7CE /* Resources */ = {
			isa = PBXResourcesBuildPhase;
			buildActionMask = 2147483647;
			files = (
				DA5FEA8029BE24E4007CF7CE /* LaunchScreen.storyboard in Resources */,
				DA5FEA7D29BE24E4007CF7CE /* Assets.xcassets in Resources */,
				DA5FEA7B29BE24E3007CF7CE /* Main.storyboard in Resources */,
			);
			runOnlyForDeploymentPostprocessing = 0;
		};
		DA5FEA9629BE25E7007CF7CE /* Resources */ = {
			isa = PBXResourcesBuildPhase;
			buildActionMask = 2147483647;
			files = (
			);
			runOnlyForDeploymentPostprocessing = 0;
		};
/* End PBXResourcesBuildPhase section */

/* Begin PBXSourcesBuildPhase section */
		DA5FEA6C29BE24E3007CF7CE /* Sources */ = {
			isa = PBXSourcesBuildPhase;
			buildActionMask = 2147483647;
			files = (
				DA5FEABF29BE2738007CF7CE /* VisibilityCellViewModel.swift in Sources */,
				DA5FEA9229BE25CD007CF7CE /* SectionFooterController.swift in Sources */,
				DA5FEA9129BE25CD007CF7CE /* CellController.swift in Sources */,
				DA5FEAB929BE2724007CF7CE /* VisibilityHeaderView.swift in Sources */,
				DA5FEABB29BE2724007CF7CE /* VisibilityCell.swift in Sources */,
				DA5FEAC829BE2C89007CF7CE /* VisibilityUIComposer.swift in Sources */,
				DA5FEA7829BE24E3007CF7CE /* ViewController.swift in Sources */,
				DA5FEA7429BE24E3007CF7CE /* AppDelegate.swift in Sources */,
				DA5FEA7629BE24E3007CF7CE /* SceneDelegate.swift in Sources */,
				DA5FEA9329BE25CD007CF7CE /* ListViewController.swift in Sources */,
				DA5FEAAF29BE2701007CF7CE /* VisibilityHeaderController.swift in Sources */,
				DA5FEA8F29BE25CD007CF7CE /* SectionHeaderController.swift in Sources */,
				DA5FEABA29BE2724007CF7CE /* VisibilityLevel+iconImage.swift in Sources */,
				DA5FEABC29BE2724007CF7CE /* VisibilityImage.swift in Sources */,
				DA5FEAB329BE270F007CF7CE /* VisibilityLevel.swift in Sources */,
				DA5FEA8E29BE25CD007CF7CE /* SectionController.swift in Sources */,
				DA5FEAB029BE2701007CF7CE /* VisibilityCellController.swift in Sources */,
				DA5FEA9029BE25CD007CF7CE /* SectionListController.swift in Sources */,
			);
			runOnlyForDeploymentPostprocessing = 0;
		};
		DA5FEA9429BE25E7007CF7CE /* Sources */ = {
			isa = PBXSourcesBuildPhase;
			buildActionMask = 2147483647;
			files = (
				DA5FEAA529BE2610007CF7CE /* ListViewControllerTests.swift in Sources */,
				DA5FEAC429BE2765007CF7CE /* VisibilityCellControllerTests.swift in Sources */,
				DA5FEAC529BE2765007CF7CE /* VisibilityHeaderControllerTests.swift in Sources */,
				DA5FEAAA29BE265F007CF7CE /* XCTestCase+MemoryLeakTracking.swift in Sources */,
				DA5FEAA829BE261F007CF7CE /* ItemCellControllerSpy.swift in Sources */,
				DA5FEAA429BE2610007CF7CE /* SectionListControllerTests.swift in Sources */,
			);
			runOnlyForDeploymentPostprocessing = 0;
		};
/* End PBXSourcesBuildPhase section */

/* Begin PBXTargetDependency section */
		DA5FEA9D29BE25E7007CF7CE /* PBXTargetDependency */ = {
			isa = PBXTargetDependency;
			target = DA5FEA6F29BE24E3007CF7CE /* ListControllerPOC */;
			targetProxy = DA5FEA9C29BE25E7007CF7CE /* PBXContainerItemProxy */;
		};
/* End PBXTargetDependency section */

/* Begin PBXVariantGroup section */
		DA5FEA7929BE24E3007CF7CE /* Main.storyboard */ = {
			isa = PBXVariantGroup;
			children = (
				DA5FEA7A29BE24E3007CF7CE /* Base */,
			);
			name = Main.storyboard;
			sourceTree = "<group>";
		};
		DA5FEA7E29BE24E4007CF7CE /* LaunchScreen.storyboard */ = {
			isa = PBXVariantGroup;
			children = (
				DA5FEA7F29BE24E4007CF7CE /* Base */,
			);
			name = LaunchScreen.storyboard;
			sourceTree = "<group>";
		};
/* End PBXVariantGroup section */

/* Begin XCBuildConfiguration section */
		DA5FEA8229BE24E4007CF7CE /* Debug */ = {
			isa = XCBuildConfiguration;
			buildSettings = {
				ALWAYS_SEARCH_USER_PATHS = NO;
				CLANG_ANALYZER_NONNULL = YES;
				CLANG_ANALYZER_NUMBER_OBJECT_CONVERSION = YES_AGGRESSIVE;
				CLANG_CXX_LANGUAGE_STANDARD = "gnu++20";
				CLANG_ENABLE_MODULES = YES;
				CLANG_ENABLE_OBJC_ARC = YES;
				CLANG_ENABLE_OBJC_WEAK = YES;
				CLANG_WARN_BLOCK_CAPTURE_AUTORELEASING = YES;
				CLANG_WARN_BOOL_CONVERSION = YES;
				CLANG_WARN_COMMA = YES;
				CLANG_WARN_CONSTANT_CONVERSION = YES;
				CLANG_WARN_DEPRECATED_OBJC_IMPLEMENTATIONS = YES;
				CLANG_WARN_DIRECT_OBJC_ISA_USAGE = YES_ERROR;
				CLANG_WARN_DOCUMENTATION_COMMENTS = YES;
				CLANG_WARN_EMPTY_BODY = YES;
				CLANG_WARN_ENUM_CONVERSION = YES;
				CLANG_WARN_INFINITE_RECURSION = YES;
				CLANG_WARN_INT_CONVERSION = YES;
				CLANG_WARN_NON_LITERAL_NULL_CONVERSION = YES;
				CLANG_WARN_OBJC_IMPLICIT_RETAIN_SELF = YES;
				CLANG_WARN_OBJC_LITERAL_CONVERSION = YES;
				CLANG_WARN_OBJC_ROOT_CLASS = YES_ERROR;
				CLANG_WARN_QUOTED_INCLUDE_IN_FRAMEWORK_HEADER = YES;
				CLANG_WARN_RANGE_LOOP_ANALYSIS = YES;
				CLANG_WARN_STRICT_PROTOTYPES = YES;
				CLANG_WARN_SUSPICIOUS_MOVE = YES;
				CLANG_WARN_UNGUARDED_AVAILABILITY = YES_AGGRESSIVE;
				CLANG_WARN_UNREACHABLE_CODE = YES;
				CLANG_WARN__DUPLICATE_METHOD_MATCH = YES;
				COPY_PHASE_STRIP = NO;
				DEBUG_INFORMATION_FORMAT = dwarf;
				ENABLE_STRICT_OBJC_MSGSEND = YES;
				ENABLE_TESTABILITY = YES;
				GCC_C_LANGUAGE_STANDARD = gnu11;
				GCC_DYNAMIC_NO_PIC = NO;
				GCC_NO_COMMON_BLOCKS = YES;
				GCC_OPTIMIZATION_LEVEL = 0;
				GCC_PREPROCESSOR_DEFINITIONS = (
					"DEBUG=1",
					"$(inherited)",
				);
				GCC_WARN_64_TO_32_BIT_CONVERSION = YES;
				GCC_WARN_ABOUT_RETURN_TYPE = YES_ERROR;
				GCC_WARN_UNDECLARED_SELECTOR = YES;
				GCC_WARN_UNINITIALIZED_AUTOS = YES_AGGRESSIVE;
				GCC_WARN_UNUSED_FUNCTION = YES;
				GCC_WARN_UNUSED_VARIABLE = YES;
				IPHONEOS_DEPLOYMENT_TARGET = 16.2;
				MTL_ENABLE_DEBUG_INFO = INCLUDE_SOURCE;
				MTL_FAST_MATH = YES;
				ONLY_ACTIVE_ARCH = YES;
				SDKROOT = iphoneos;
				SWIFT_ACTIVE_COMPILATION_CONDITIONS = DEBUG;
				SWIFT_OPTIMIZATION_LEVEL = "-Onone";
			};
			name = Debug;
		};
		DA5FEA8329BE24E4007CF7CE /* Release */ = {
			isa = XCBuildConfiguration;
			buildSettings = {
				ALWAYS_SEARCH_USER_PATHS = NO;
				CLANG_ANALYZER_NONNULL = YES;
				CLANG_ANALYZER_NUMBER_OBJECT_CONVERSION = YES_AGGRESSIVE;
				CLANG_CXX_LANGUAGE_STANDARD = "gnu++20";
				CLANG_ENABLE_MODULES = YES;
				CLANG_ENABLE_OBJC_ARC = YES;
				CLANG_ENABLE_OBJC_WEAK = YES;
				CLANG_WARN_BLOCK_CAPTURE_AUTORELEASING = YES;
				CLANG_WARN_BOOL_CONVERSION = YES;
				CLANG_WARN_COMMA = YES;
				CLANG_WARN_CONSTANT_CONVERSION = YES;
				CLANG_WARN_DEPRECATED_OBJC_IMPLEMENTATIONS = YES;
				CLANG_WARN_DIRECT_OBJC_ISA_USAGE = YES_ERROR;
				CLANG_WARN_DOCUMENTATION_COMMENTS = YES;
				CLANG_WARN_EMPTY_BODY = YES;
				CLANG_WARN_ENUM_CONVERSION = YES;
				CLANG_WARN_INFINITE_RECURSION = YES;
				CLANG_WARN_INT_CONVERSION = YES;
				CLANG_WARN_NON_LITERAL_NULL_CONVERSION = YES;
				CLANG_WARN_OBJC_IMPLICIT_RETAIN_SELF = YES;
				CLANG_WARN_OBJC_LITERAL_CONVERSION = YES;
				CLANG_WARN_OBJC_ROOT_CLASS = YES_ERROR;
				CLANG_WARN_QUOTED_INCLUDE_IN_FRAMEWORK_HEADER = YES;
				CLANG_WARN_RANGE_LOOP_ANALYSIS = YES;
				CLANG_WARN_STRICT_PROTOTYPES = YES;
				CLANG_WARN_SUSPICIOUS_MOVE = YES;
				CLANG_WARN_UNGUARDED_AVAILABILITY = YES_AGGRESSIVE;
				CLANG_WARN_UNREACHABLE_CODE = YES;
				CLANG_WARN__DUPLICATE_METHOD_MATCH = YES;
				COPY_PHASE_STRIP = NO;
				DEBUG_INFORMATION_FORMAT = "dwarf-with-dsym";
				ENABLE_NS_ASSERTIONS = NO;
				ENABLE_STRICT_OBJC_MSGSEND = YES;
				GCC_C_LANGUAGE_STANDARD = gnu11;
				GCC_NO_COMMON_BLOCKS = YES;
				GCC_WARN_64_TO_32_BIT_CONVERSION = YES;
				GCC_WARN_ABOUT_RETURN_TYPE = YES_ERROR;
				GCC_WARN_UNDECLARED_SELECTOR = YES;
				GCC_WARN_UNINITIALIZED_AUTOS = YES_AGGRESSIVE;
				GCC_WARN_UNUSED_FUNCTION = YES;
				GCC_WARN_UNUSED_VARIABLE = YES;
				IPHONEOS_DEPLOYMENT_TARGET = 16.2;
				MTL_ENABLE_DEBUG_INFO = NO;
				MTL_FAST_MATH = YES;
				SDKROOT = iphoneos;
				SWIFT_COMPILATION_MODE = wholemodule;
				SWIFT_OPTIMIZATION_LEVEL = "-O";
				VALIDATE_PRODUCT = YES;
			};
			name = Release;
		};
		DA5FEA8529BE24E4007CF7CE /* Debug */ = {
			isa = XCBuildConfiguration;
			buildSettings = {
				ASSETCATALOG_COMPILER_APPICON_NAME = AppIcon;
				ASSETCATALOG_COMPILER_GLOBAL_ACCENT_COLOR_NAME = AccentColor;
				CODE_SIGN_STYLE = Automatic;
				CURRENT_PROJECT_VERSION = 1;
				DEVELOPMENT_TEAM = 7BQ7XA9X92;
				GENERATE_INFOPLIST_FILE = YES;
				INFOPLIST_FILE = ListControllerPOC/Info.plist;
				INFOPLIST_KEY_UIApplicationSupportsIndirectInputEvents = YES;
				INFOPLIST_KEY_UILaunchStoryboardName = LaunchScreen;
				INFOPLIST_KEY_UISupportedInterfaceOrientations_iPad = "UIInterfaceOrientationPortrait UIInterfaceOrientationPortraitUpsideDown UIInterfaceOrientationLandscapeLeft UIInterfaceOrientationLandscapeRight";
				INFOPLIST_KEY_UISupportedInterfaceOrientations_iPhone = "UIInterfaceOrientationPortrait UIInterfaceOrientationLandscapeLeft UIInterfaceOrientationLandscapeRight";
				LD_RUNPATH_SEARCH_PATHS = (
					"$(inherited)",
					"@executable_path/Frameworks",
				);
				MARKETING_VERSION = 1.0;
				PRODUCT_BUNDLE_IDENTIFIER = com.example.karthikkmanoj.ListControllerPOC;
				PRODUCT_NAME = "$(TARGET_NAME)";
				SWIFT_EMIT_LOC_STRINGS = YES;
				SWIFT_VERSION = 5.0;
				TARGETED_DEVICE_FAMILY = "1,2";
			};
			name = Debug;
		};
		DA5FEA8629BE24E4007CF7CE /* Release */ = {
			isa = XCBuildConfiguration;
			buildSettings = {
				ASSETCATALOG_COMPILER_APPICON_NAME = AppIcon;
				ASSETCATALOG_COMPILER_GLOBAL_ACCENT_COLOR_NAME = AccentColor;
				CODE_SIGN_STYLE = Automatic;
				CURRENT_PROJECT_VERSION = 1;
				DEVELOPMENT_TEAM = 7BQ7XA9X92;
				GENERATE_INFOPLIST_FILE = YES;
				INFOPLIST_FILE = ListControllerPOC/Info.plist;
				INFOPLIST_KEY_UIApplicationSupportsIndirectInputEvents = YES;
				INFOPLIST_KEY_UILaunchStoryboardName = LaunchScreen;
				INFOPLIST_KEY_UISupportedInterfaceOrientations_iPad = "UIInterfaceOrientationPortrait UIInterfaceOrientationPortraitUpsideDown UIInterfaceOrientationLandscapeLeft UIInterfaceOrientationLandscapeRight";
				INFOPLIST_KEY_UISupportedInterfaceOrientations_iPhone = "UIInterfaceOrientationPortrait UIInterfaceOrientationLandscapeLeft UIInterfaceOrientationLandscapeRight";
				LD_RUNPATH_SEARCH_PATHS = (
					"$(inherited)",
					"@executable_path/Frameworks",
				);
				MARKETING_VERSION = 1.0;
				PRODUCT_BUNDLE_IDENTIFIER = com.example.karthikkmanoj.ListControllerPOC;
				PRODUCT_NAME = "$(TARGET_NAME)";
				SWIFT_EMIT_LOC_STRINGS = YES;
				SWIFT_VERSION = 5.0;
				TARGETED_DEVICE_FAMILY = "1,2";
			};
			name = Release;
		};
		DA5FEA9F29BE25E7007CF7CE /* Debug */ = {
			isa = XCBuildConfiguration;
			buildSettings = {
				BUNDLE_LOADER = "$(TEST_HOST)";
				CLANG_ENABLE_MODULES = YES;
				CODE_SIGN_STYLE = Automatic;
				CURRENT_PROJECT_VERSION = 1;
				DEVELOPMENT_TEAM = 7BQ7XA9X92;
				GENERATE_INFOPLIST_FILE = YES;
				LD_RUNPATH_SEARCH_PATHS = (
					"$(inherited)",
					"@executable_path/Frameworks",
					"@loader_path/Frameworks",
				);
				MARKETING_VERSION = 1.0;
				PRODUCT_BUNDLE_IDENTIFIER = com.example.karthikkmanoj.ListControllerPOCTests;
				PRODUCT_NAME = "$(TARGET_NAME)";
				SWIFT_EMIT_LOC_STRINGS = NO;
				SWIFT_OPTIMIZATION_LEVEL = "-Onone";
				SWIFT_VERSION = 5.0;
				TARGETED_DEVICE_FAMILY = "1,2";
				TEST_HOST = "$(BUILT_PRODUCTS_DIR)/ListControllerPOC.app/$(BUNDLE_EXECUTABLE_FOLDER_PATH)/ListControllerPOC";
			};
			name = Debug;
		};
		DA5FEAA029BE25E7007CF7CE /* Release */ = {
			isa = XCBuildConfiguration;
			buildSettings = {
				BUNDLE_LOADER = "$(TEST_HOST)";
				CLANG_ENABLE_MODULES = YES;
				CODE_SIGN_STYLE = Automatic;
				CURRENT_PROJECT_VERSION = 1;
				DEVELOPMENT_TEAM = 7BQ7XA9X92;
				GENERATE_INFOPLIST_FILE = YES;
				LD_RUNPATH_SEARCH_PATHS = (
					"$(inherited)",
					"@executable_path/Frameworks",
					"@loader_path/Frameworks",
				);
				MARKETING_VERSION = 1.0;
				PRODUCT_BUNDLE_IDENTIFIER = com.example.karthikkmanoj.ListControllerPOCTests;
				PRODUCT_NAME = "$(TARGET_NAME)";
				SWIFT_EMIT_LOC_STRINGS = NO;
				SWIFT_VERSION = 5.0;
				TARGETED_DEVICE_FAMILY = "1,2";
				TEST_HOST = "$(BUILT_PRODUCTS_DIR)/ListControllerPOC.app/$(BUNDLE_EXECUTABLE_FOLDER_PATH)/ListControllerPOC";
			};
			name = Release;
		};
/* End XCBuildConfiguration section */

/* Begin XCConfigurationList section */
		DA5FEA6B29BE24E3007CF7CE /* Build configuration list for PBXProject "ListControllerPOC" */ = {
			isa = XCConfigurationList;
			buildConfigurations = (
				DA5FEA8229BE24E4007CF7CE /* Debug */,
				DA5FEA8329BE24E4007CF7CE /* Release */,
			);
			defaultConfigurationIsVisible = 0;
			defaultConfigurationName = Release;
		};
		DA5FEA8429BE24E4007CF7CE /* Build configuration list for PBXNativeTarget "ListControllerPOC" */ = {
			isa = XCConfigurationList;
			buildConfigurations = (
				DA5FEA8529BE24E4007CF7CE /* Debug */,
				DA5FEA8629BE24E4007CF7CE /* Release */,
			);
			defaultConfigurationIsVisible = 0;
			defaultConfigurationName = Release;
		};
		DA5FEA9E29BE25E7007CF7CE /* Build configuration list for PBXNativeTarget "ListControllerPOCTests" */ = {
			isa = XCConfigurationList;
			buildConfigurations = (
				DA5FEA9F29BE25E7007CF7CE /* Debug */,
				DA5FEAA029BE25E7007CF7CE /* Release */,
			);
			defaultConfigurationIsVisible = 0;
			defaultConfigurationName = Release;
		};
/* End XCConfigurationList section */
	};
	rootObject = DA5FEA6829BE24E3007CF7CE /* Project object */;
}
